# THIS IS AN AUTOGENERATED FILE. DO NOT EDIT THIS FILE DIRECTLY.
# yarn lockfile v1


world_countries_lists@^2.4.0:
  version "2.4.0"
  resolved "https://registry.yarnpkg.com/world_countries_lists/-/world_countries_lists-2.4.0.tgz#8b5dba9fdbdc02b36b4304d17c244828351b5664"
  integrity sha512-AfOzix7V1uJlEj/FnxBRwEO0ptIt3JAFIeDc5SxxAIpCGBKEY0jrrJKD7dKLka8w1aNb3jL4hN7okzqP1gaQ9A==
